// !$*UTF8*$!
{
	archiveVersion = 1;
	classes = {
	};
	objectVersion = 48;
	objects = {

/* Begin PBXBuildFile section */
		6E11BD05202F3220008389CE /* space1.gif in Resources */ = {isa = PBXBuildFile; fileRef = 6E11BCFF202F3220008389CE /* space1.gif */; };
		6E11BD06202F3220008389CE /* space2.gif in Resources */ = {isa = PBXBuildFile; fileRef = 6E11BD00202F3220008389CE /* space2.gif */; };
		6E11BD08202F3220008389CE /* space0.gif in Resources */ = {isa = PBXBuildFile; fileRef = 6E11BD02202F3220008389CE /* space0.gif */; };
		6E11BD09202F3220008389CE /* space4.gif in Resources */ = {isa = PBXBuildFile; fileRef = 6E11BD03202F3220008389CE /* space4.gif */; };
		6E11BD0A202F3220008389CE /* space3.gif in Resources */ = {isa = PBXBuildFile; fileRef = 6E11BD04202F3220008389CE /* space3.gif */; };
		6E11BD0D202F8553008389CE /* SubtaskHeaderTableViewCell.swift in Sources */ = {isa = PBXBuildFile; fileRef = 6E11BD0C202F8553008389CE /* SubtaskHeaderTableViewCell.swift */; };
		6EA0AC9C202DE733001F9653 /* UIImage+Gif.swift in Sources */ = {isa = PBXBuildFile; fileRef = 6EA0AC9B202DE733001F9653 /* UIImage+Gif.swift */; };
		6EB74BB820246995001B1262 /* SubTaskListTableViewCell.swift in Sources */ = {isa = PBXBuildFile; fileRef = 6EB74BB720246995001B1262 /* SubTaskListTableViewCell.swift */; };
		6EE401C42023033A00A2F218 /* SubTasksViewController.swift in Sources */ = {isa = PBXBuildFile; fileRef = 6EE401C32023033A00A2F218 /* SubTasksViewController.swift */; };
		6EE5EB05202323FD006037F2 /* AboutViewController.swift in Sources */ = {isa = PBXBuildFile; fileRef = 6EE5EB04202323FD006037F2 /* AboutViewController.swift */; };
		6EEE4D65202DA4AE00F851D8 /* ProgressCircle.swift in Sources */ = {isa = PBXBuildFile; fileRef = 6EEE4D64202DA4AE00F851D8 /* ProgressCircle.swift */; };
		72AE482A62E6096A0CB808C0 /* Pods_iAlwaysForgot.framework in Frameworks */ = {isa = PBXBuildFile; fileRef = EE6AB7905306BA36B223CE1B /* Pods_iAlwaysForgot.framework */; };
		D34B64632022712C00E2C115 /* AppDelegate.swift in Sources */ = {isa = PBXBuildFile; fileRef = D34B64622022712C00E2C115 /* AppDelegate.swift */; };
		D34B64652022712C00E2C115 /* MainViewController.swift in Sources */ = {isa = PBXBuildFile; fileRef = D34B64642022712C00E2C115 /* MainViewController.swift */; };
		D34B64682022712C00E2C115 /* Main.storyboard in Resources */ = {isa = PBXBuildFile; fileRef = D34B64662022712C00E2C115 /* Main.storyboard */; };
		D34B646A2022712C00E2C115 /* Assets.xcassets in Resources */ = {isa = PBXBuildFile; fileRef = D34B64692022712C00E2C115 /* Assets.xcassets */; };
		D34B646D2022712C00E2C115 /* LaunchScreen.storyboard in Resources */ = {isa = PBXBuildFile; fileRef = D34B646B2022712C00E2C115 /* LaunchScreen.storyboard */; };
		D34B64762022779F00E2C115 /* TaskListR.swift in Sources */ = {isa = PBXBuildFile; fileRef = D34B64752022779F00E2C115 /* TaskListR.swift */; };
		D34B64782022783600E2C115 /* SubTaskR.swift in Sources */ = {isa = PBXBuildFile; fileRef = D34B64772022783600E2C115 /* SubTaskR.swift */; };
		D34B647A202278C700E2C115 /* RealmService.swift in Sources */ = {isa = PBXBuildFile; fileRef = D34B6479202278C700E2C115 /* RealmService.swift */; };
		D39B9839203062A300EB7910 /* doit.gif in Resources */ = {isa = PBXBuildFile; fileRef = D39B9838203062A200EB7910 /* doit.gif */; };
		D39F86B320239DFA00D089C2 /* TaskListTableViewCell.swift in Sources */ = {isa = PBXBuildFile; fileRef = D39F86B220239DFA00D089C2 /* TaskListTableViewCell.swift */; };
/* End PBXBuildFile section */

/* Begin PBXFileReference section */
		6E11BCFF202F3220008389CE /* space1.gif */ = {isa = PBXFileReference; lastKnownFileType = image.gif; path = space1.gif; sourceTree = "<group>"; };
		6E11BD00202F3220008389CE /* space2.gif */ = {isa = PBXFileReference; lastKnownFileType = image.gif; path = space2.gif; sourceTree = "<group>"; };
		6E11BD02202F3220008389CE /* space0.gif */ = {isa = PBXFileReference; lastKnownFileType = image.gif; path = space0.gif; sourceTree = "<group>"; };
		6E11BD03202F3220008389CE /* space4.gif */ = {isa = PBXFileReference; lastKnownFileType = image.gif; path = space4.gif; sourceTree = "<group>"; };
		6E11BD04202F3220008389CE /* space3.gif */ = {isa = PBXFileReference; lastKnownFileType = image.gif; path = space3.gif; sourceTree = "<group>"; };
		6E11BD0C202F8553008389CE /* SubtaskHeaderTableViewCell.swift */ = {isa = PBXFileReference; lastKnownFileType = sourcecode.swift; path = SubtaskHeaderTableViewCell.swift; sourceTree = "<group>"; };
		6EA0AC9B202DE733001F9653 /* UIImage+Gif.swift */ = {isa = PBXFileReference; lastKnownFileType = sourcecode.swift; path = "UIImage+Gif.swift"; sourceTree = "<group>"; };
		6EB74BB720246995001B1262 /* SubTaskListTableViewCell.swift */ = {isa = PBXFileReference; lastKnownFileType = sourcecode.swift; path = SubTaskListTableViewCell.swift; sourceTree = "<group>"; };
		6EE401C32023033A00A2F218 /* SubTasksViewController.swift */ = {isa = PBXFileReference; lastKnownFileType = sourcecode.swift; path = SubTasksViewController.swift; sourceTree = "<group>"; };
		6EE5EB04202323FD006037F2 /* AboutViewController.swift */ = {isa = PBXFileReference; lastKnownFileType = sourcecode.swift; path = AboutViewController.swift; sourceTree = "<group>"; };
		6EEE4D64202DA4AE00F851D8 /* ProgressCircle.swift */ = {isa = PBXFileReference; lastKnownFileType = sourcecode.swift; path = ProgressCircle.swift; sourceTree = "<group>"; };
		AC51A7A6B7C883DE3F1052FD /* Pods-iAlwaysForgot.release.xcconfig */ = {isa = PBXFileReference; includeInIndex = 1; lastKnownFileType = text.xcconfig; name = "Pods-iAlwaysForgot.release.xcconfig"; path = "Pods/Target Support Files/Pods-iAlwaysForgot/Pods-iAlwaysForgot.release.xcconfig"; sourceTree = "<group>"; };
		D34B645F2022712C00E2C115 /* iAlwaysForgot.app */ = {isa = PBXFileReference; explicitFileType = wrapper.application; includeInIndex = 0; path = iAlwaysForgot.app; sourceTree = BUILT_PRODUCTS_DIR; };
		D34B64622022712C00E2C115 /* AppDelegate.swift */ = {isa = PBXFileReference; lastKnownFileType = sourcecode.swift; path = AppDelegate.swift; sourceTree = "<group>"; };
		D34B64642022712C00E2C115 /* MainViewController.swift */ = {isa = PBXFileReference; lastKnownFileType = sourcecode.swift; path = MainViewController.swift; sourceTree = "<group>"; };
		D34B64672022712C00E2C115 /* Base */ = {isa = PBXFileReference; lastKnownFileType = file.storyboard; name = Base; path = Base.lproj/Main.storyboard; sourceTree = "<group>"; };
		D34B64692022712C00E2C115 /* Assets.xcassets */ = {isa = PBXFileReference; lastKnownFileType = folder.assetcatalog; path = Assets.xcassets; sourceTree = "<group>"; };
		D34B646C2022712C00E2C115 /* Base */ = {isa = PBXFileReference; lastKnownFileType = file.storyboard; name = Base; path = Base.lproj/LaunchScreen.storyboard; sourceTree = "<group>"; };
		D34B646E2022712C00E2C115 /* Info.plist */ = {isa = PBXFileReference; lastKnownFileType = text.plist.xml; path = Info.plist; sourceTree = "<group>"; };
		D34B64752022779F00E2C115 /* TaskListR.swift */ = {isa = PBXFileReference; lastKnownFileType = sourcecode.swift; path = TaskListR.swift; sourceTree = "<group>"; };
		D34B64772022783600E2C115 /* SubTaskR.swift */ = {isa = PBXFileReference; lastKnownFileType = sourcecode.swift; path = SubTaskR.swift; sourceTree = "<group>"; };
		D34B6479202278C700E2C115 /* RealmService.swift */ = {isa = PBXFileReference; lastKnownFileType = sourcecode.swift; path = RealmService.swift; sourceTree = "<group>"; };
		D39B9838203062A200EB7910 /* doit.gif */ = {isa = PBXFileReference; lastKnownFileType = image.gif; path = doit.gif; sourceTree = "<group>"; };
		D39F86B220239DFA00D089C2 /* TaskListTableViewCell.swift */ = {isa = PBXFileReference; lastKnownFileType = sourcecode.swift; path = TaskListTableViewCell.swift; sourceTree = "<group>"; };
		EC59831A3686C051C9DDC380 /* Pods-iAlwaysForgot.debug.xcconfig */ = {isa = PBXFileReference; includeInIndex = 1; lastKnownFileType = text.xcconfig; name = "Pods-iAlwaysForgot.debug.xcconfig"; path = "Pods/Target Support Files/Pods-iAlwaysForgot/Pods-iAlwaysForgot.debug.xcconfig"; sourceTree = "<group>"; };
		EE6AB7905306BA36B223CE1B /* Pods_iAlwaysForgot.framework */ = {isa = PBXFileReference; explicitFileType = wrapper.framework; includeInIndex = 0; path = Pods_iAlwaysForgot.framework; sourceTree = BUILT_PRODUCTS_DIR; };
/* End PBXFileReference section */

/* Begin PBXFrameworksBuildPhase section */
		D34B645C2022712C00E2C115 /* Frameworks */ = {
			isa = PBXFrameworksBuildPhase;
			buildActionMask = 2147483647;
			files = (
				72AE482A62E6096A0CB808C0 /* Pods_iAlwaysForgot.framework in Frameworks */,
			);
			runOnlyForDeploymentPostprocessing = 0;
		};
/* End PBXFrameworksBuildPhase section */

/* Begin PBXGroup section */
		6EEE4D63202DA4A000F851D8 /* ex */ = {
			isa = PBXGroup;
			children = (
				6EEE4D64202DA4AE00F851D8 /* ProgressCircle.swift */,
				6EA0AC9B202DE733001F9653 /* UIImage+Gif.swift */,
			);
			path = ex;
			sourceTree = "<group>";
		};
		82C0642796443445354F6E33 /* Pods */ = {
			isa = PBXGroup;
			children = (
				EC59831A3686C051C9DDC380 /* Pods-iAlwaysForgot.debug.xcconfig */,
				AC51A7A6B7C883DE3F1052FD /* Pods-iAlwaysForgot.release.xcconfig */,
			);
			name = Pods;
			sourceTree = "<group>";
		};
		D34B64562022712C00E2C115 = {
			isa = PBXGroup;
			children = (
				D34B64612022712C00E2C115 /* iAlwaysForgot */,
				D34B64602022712C00E2C115 /* Products */,
				82C0642796443445354F6E33 /* Pods */,
				DC45BB750896468F3787B85A /* Frameworks */,
			);
			sourceTree = "<group>";
		};
		D34B64602022712C00E2C115 /* Products */ = {
			isa = PBXGroup;
			children = (
				D34B645F2022712C00E2C115 /* iAlwaysForgot.app */,
			);
			name = Products;
			sourceTree = "<group>";
		};
		D34B64612022712C00E2C115 /* iAlwaysForgot */ = {
			isa = PBXGroup;
			children = (
				D39B9838203062A200EB7910 /* doit.gif */,
				6E11BD02202F3220008389CE /* space0.gif */,
				6E11BCFF202F3220008389CE /* space1.gif */,
				6E11BD00202F3220008389CE /* space2.gif */,
				6E11BD04202F3220008389CE /* space3.gif */,
				6E11BD03202F3220008389CE /* space4.gif */,
				6EEE4D63202DA4A000F851D8 /* ex */,
				D39F86B120239C9900D089C2 /* cellModel */,
				D34B6474202275CA00E2C115 /* realmModel */,
				D34B64622022712C00E2C115 /* AppDelegate.swift */,
				D34B64642022712C00E2C115 /* MainViewController.swift */,
				6EE401C32023033A00A2F218 /* SubTasksViewController.swift */,
				6EE5EB04202323FD006037F2 /* AboutViewController.swift */,
				D34B64662022712C00E2C115 /* Main.storyboard */,
				D34B64692022712C00E2C115 /* Assets.xcassets */,
				D34B646B2022712C00E2C115 /* LaunchScreen.storyboard */,
				D34B646E2022712C00E2C115 /* Info.plist */,
			);
			path = iAlwaysForgot;
			sourceTree = "<group>";
		};
		D34B6474202275CA00E2C115 /* realmModel */ = {
			isa = PBXGroup;
			children = (
				D34B64752022779F00E2C115 /* TaskListR.swift */,
				D34B64772022783600E2C115 /* SubTaskR.swift */,
				D34B6479202278C700E2C115 /* RealmService.swift */,
			);
			path = realmModel;
			sourceTree = "<group>";
		};
		D39F86B120239C9900D089C2 /* cellModel */ = {
			isa = PBXGroup;
			children = (
				D39F86B220239DFA00D089C2 /* TaskListTableViewCell.swift */,
				6EB74BB720246995001B1262 /* SubTaskListTableViewCell.swift */,
				6E11BD0C202F8553008389CE /* SubtaskHeaderTableViewCell.swift */,
			);
			path = cellModel;
			sourceTree = "<group>";
		};
		DC45BB750896468F3787B85A /* Frameworks */ = {
			isa = PBXGroup;
			children = (
				EE6AB7905306BA36B223CE1B /* Pods_iAlwaysForgot.framework */,
			);
			name = Frameworks;
			sourceTree = "<group>";
		};
/* End PBXGroup section */

/* Begin PBXNativeTarget section */
		D34B645E2022712C00E2C115 /* iAlwaysForgot */ = {
			isa = PBXNativeTarget;
			buildConfigurationList = D34B64712022712C00E2C115 /* Build configuration list for PBXNativeTarget "iAlwaysForgot" */;
			buildPhases = (
				8FB8BBB647A8B191F80A2A87 /* [CP] Check Pods Manifest.lock */,
				D34B645B2022712C00E2C115 /* Sources */,
				D34B645C2022712C00E2C115 /* Frameworks */,
				D34B645D2022712C00E2C115 /* Resources */,
				72B1FC42EF4B3FDF2688C4B1 /* [CP] Embed Pods Frameworks */,
				FF07518718A3E538DCCD026D /* [CP] Copy Pods Resources */,
			);
			buildRules = (
			);
			dependencies = (
			);
			name = iAlwaysForgot;
			productName = iAlwaysForgot;
			productReference = D34B645F2022712C00E2C115 /* iAlwaysForgot.app */;
			productType = "com.apple.product-type.application";
		};
/* End PBXNativeTarget section */

/* Begin PBXProject section */
		D34B64572022712C00E2C115 /* Project object */ = {
			isa = PBXProject;
			attributes = {
				LastSwiftUpdateCheck = 0920;
				LastUpgradeCheck = 0920;
				ORGANIZATIONNAME = "Mateusz Chojnacki";
				TargetAttributes = {
					D34B645E2022712C00E2C115 = {
						CreatedOnToolsVersion = 9.2;
						ProvisioningStyle = Automatic;
					};
				};
			};
			buildConfigurationList = D34B645A2022712C00E2C115 /* Build configuration list for PBXProject "iAlwaysForgot" */;
			compatibilityVersion = "Xcode 8.0";
			developmentRegion = en;
			hasScannedForEncodings = 0;
			knownRegions = (
				en,
				Base,
			);
			mainGroup = D34B64562022712C00E2C115;
			productRefGroup = D34B64602022712C00E2C115 /* Products */;
			projectDirPath = "";
			projectRoot = "";
			targets = (
				D34B645E2022712C00E2C115 /* iAlwaysForgot */,
			);
		};
/* End PBXProject section */

/* Begin PBXResourcesBuildPhase section */
		D34B645D2022712C00E2C115 /* Resources */ = {
			isa = PBXResourcesBuildPhase;
			buildActionMask = 2147483647;
			files = (
				6E11BD06202F3220008389CE /* space2.gif in Resources */,
				6E11BD0A202F3220008389CE /* space3.gif in Resources */,
				D39B9839203062A300EB7910 /* doit.gif in Resources */,
				D34B646D2022712C00E2C115 /* LaunchScreen.storyboard in Resources */,
				D34B646A2022712C00E2C115 /* Assets.xcassets in Resources */,
				D34B64682022712C00E2C115 /* Main.storyboard in Resources */,
				6E11BD08202F3220008389CE /* space0.gif in Resources */,
				6E11BD05202F3220008389CE /* space1.gif in Resources */,
				6E11BD09202F3220008389CE /* space4.gif in Resources */,
			);
			runOnlyForDeploymentPostprocessing = 0;
		};
/* End PBXResourcesBuildPhase section */

/* Begin PBXShellScriptBuildPhase section */
		72B1FC42EF4B3FDF2688C4B1 /* [CP] Embed Pods Frameworks */ = {
			isa = PBXShellScriptBuildPhase;
			buildActionMask = 2147483647;
			files = (
			);
			inputPaths = (
				"${SRCROOT}/Pods/Target Support Files/Pods-iAlwaysForgot/Pods-iAlwaysForgot-frameworks.sh",
				"${BUILT_PRODUCTS_DIR}/Realm/Realm.framework",
				"${BUILT_PRODUCTS_DIR}/RealmSwift/RealmSwift.framework",
			);
			name = "[CP] Embed Pods Frameworks";
			outputPaths = (
				"${TARGET_BUILD_DIR}/${FRAMEWORKS_FOLDER_PATH}/Realm.framework",
				"${TARGET_BUILD_DIR}/${FRAMEWORKS_FOLDER_PATH}/RealmSwift.framework",
			);
			runOnlyForDeploymentPostprocessing = 0;
			shellPath = /bin/sh;
			shellScript = "\"${SRCROOT}/Pods/Target Support Files/Pods-iAlwaysForgot/Pods-iAlwaysForgot-frameworks.sh\"\n";
			showEnvVarsInLog = 0;
		};
		8FB8BBB647A8B191F80A2A87 /* [CP] Check Pods Manifest.lock */ = {
			isa = PBXShellScriptBuildPhase;
			buildActionMask = 2147483647;
			files = (
			);
			inputPaths = (
				"${PODS_PODFILE_DIR_PATH}/Podfile.lock",
				"${PODS_ROOT}/Manifest.lock",
			);
			name = "[CP] Check Pods Manifest.lock";
			outputPaths = (
				"$(DERIVED_FILE_DIR)/Pods-iAlwaysForgot-checkManifestLockResult.txt",
			);
			runOnlyForDeploymentPostprocessing = 0;
			shellPath = /bin/sh;
			shellScript = "diff \"${PODS_PODFILE_DIR_PATH}/Podfile.lock\" \"${PODS_ROOT}/Manifest.lock\" > /dev/null\nif [ $? != 0 ] ; then\n    # print error to STDERR\n    echo \"error: The sandbox is not in sync with the Podfile.lock. Run 'pod install' or update your CocoaPods installation.\" >&2\n    exit 1\nfi\n# This output is used by Xcode 'outputs' to avoid re-running this script phase.\necho \"SUCCESS\" > \"${SCRIPT_OUTPUT_FILE_0}\"\n";
			showEnvVarsInLog = 0;
		};
		FF07518718A3E538DCCD026D /* [CP] Copy Pods Resources */ = {
			isa = PBXShellScriptBuildPhase;
			buildActionMask = 2147483647;
			files = (
			);
			inputPaths = (
			);
			name = "[CP] Copy Pods Resources";
			outputPaths = (
			);
			runOnlyForDeploymentPostprocessing = 0;
			shellPath = /bin/sh;
			shellScript = "\"${SRCROOT}/Pods/Target Support Files/Pods-iAlwaysForgot/Pods-iAlwaysForgot-resources.sh\"\n";
			showEnvVarsInLog = 0;
		};
/* End PBXShellScriptBuildPhase section */

/* Begin PBXSourcesBuildPhase section */
		D34B645B2022712C00E2C115 /* Sources */ = {
			isa = PBXSourcesBuildPhase;
			buildActionMask = 2147483647;
			files = (
				6E11BD0D202F8553008389CE /* SubtaskHeaderTableViewCell.swift in Sources */,
				D39F86B320239DFA00D089C2 /* TaskListTableViewCell.swift in Sources */,
				6EB74BB820246995001B1262 /* SubTaskListTableViewCell.swift in Sources */,
				6EE401C42023033A00A2F218 /* SubTasksViewController.swift in Sources */,
				6EA0AC9C202DE733001F9653 /* UIImage+Gif.swift in Sources */,
				D34B64782022783600E2C115 /* SubTaskR.swift in Sources */,
				6EEE4D65202DA4AE00F851D8 /* ProgressCircle.swift in Sources */,
				D34B64652022712C00E2C115 /* MainViewController.swift in Sources */,
				6EE5EB05202323FD006037F2 /* AboutViewController.swift in Sources */,
				D34B64632022712C00E2C115 /* AppDelegate.swift in Sources */,
				D34B64762022779F00E2C115 /* TaskListR.swift in Sources */,
				D34B647A202278C700E2C115 /* RealmService.swift in Sources */,
			);
			runOnlyForDeploymentPostprocessing = 0;
		};
/* End PBXSourcesBuildPhase section */

/* Begin PBXVariantGroup section */
		D34B64662022712C00E2C115 /* Main.storyboard */ = {
			isa = PBXVariantGroup;
			children = (
				D34B64672022712C00E2C115 /* Base */,
			);
			name = Main.storyboard;
			sourceTree = "<group>";
		};
		D34B646B2022712C00E2C115 /* LaunchScreen.storyboard */ = {
			isa = PBXVariantGroup;
			children = (
				D34B646C2022712C00E2C115 /* Base */,
			);
			name = LaunchScreen.storyboard;
			sourceTree = "<group>";
		};
/* End PBXVariantGroup section */

/* Begin XCBuildConfiguration section */
		D34B646F2022712C00E2C115 /* Debug */ = {
			isa = XCBuildConfiguration;
			buildSettings = {
				ALWAYS_SEARCH_USER_PATHS = NO;
				CLANG_ANALYZER_NONNULL = YES;
				CLANG_ANALYZER_NUMBER_OBJECT_CONVERSION = YES_AGGRESSIVE;
				CLANG_CXX_LANGUAGE_STANDARD = "gnu++14";
				CLANG_CXX_LIBRARY = "libc++";
				CLANG_ENABLE_MODULES = YES;
				CLANG_ENABLE_OBJC_ARC = YES;
				CLANG_WARN_BLOCK_CAPTURE_AUTORELEASING = YES;
				CLANG_WARN_BOOL_CONVERSION = YES;
				CLANG_WARN_COMMA = YES;
				CLANG_WARN_CONSTANT_CONVERSION = YES;
				CLANG_WARN_DIRECT_OBJC_ISA_USAGE = YES_ERROR;
				CLANG_WARN_DOCUMENTATION_COMMENTS = YES;
				CLANG_WARN_EMPTY_BODY = YES;
				CLANG_WARN_ENUM_CONVERSION = YES;
				CLANG_WARN_INFINITE_RECURSION = YES;
				CLANG_WARN_INT_CONVERSION = YES;
				CLANG_WARN_NON_LITERAL_NULL_CONVERSION = YES;
				CLANG_WARN_OBJC_LITERAL_CONVERSION = YES;
				CLANG_WARN_OBJC_ROOT_CLASS = YES_ERROR;
				CLANG_WARN_RANGE_LOOP_ANALYSIS = YES;
				CLANG_WARN_STRICT_PROTOTYPES = YES;
				CLANG_WARN_SUSPICIOUS_MOVE = YES;
				CLANG_WARN_UNGUARDED_AVAILABILITY = YES_AGGRESSIVE;
				CLANG_WARN_UNREACHABLE_CODE = YES;
				CLANG_WARN__DUPLICATE_METHOD_MATCH = YES;
				CODE_SIGN_IDENTITY = "iPhone Developer";
				COPY_PHASE_STRIP = NO;
				DEBUG_INFORMATION_FORMAT = dwarf;
				ENABLE_STRICT_OBJC_MSGSEND = YES;
				ENABLE_TESTABILITY = YES;
				GCC_C_LANGUAGE_STANDARD = gnu11;
				GCC_DYNAMIC_NO_PIC = NO;
				GCC_NO_COMMON_BLOCKS = YES;
				GCC_OPTIMIZATION_LEVEL = 0;
				GCC_PREPROCESSOR_DEFINITIONS = (
					"DEBUG=1",
					"$(inherited)",
				);
				GCC_WARN_64_TO_32_BIT_CONVERSION = YES;
				GCC_WARN_ABOUT_RETURN_TYPE = YES_ERROR;
				GCC_WARN_UNDECLARED_SELECTOR = YES;
				GCC_WARN_UNINITIALIZED_AUTOS = YES_AGGRESSIVE;
				GCC_WARN_UNUSED_FUNCTION = YES;
				GCC_WARN_UNUSED_VARIABLE = YES;
				IPHONEOS_DEPLOYMENT_TARGET = 11.2;
				MTL_ENABLE_DEBUG_INFO = YES;
				ONLY_ACTIVE_ARCH = YES;
				SDKROOT = iphoneos;
				SWIFT_ACTIVE_COMPILATION_CONDITIONS = DEBUG;
				SWIFT_OPTIMIZATION_LEVEL = "-Onone";
			};
			name = Debug;
		};
		D34B64702022712C00E2C115 /* Release */ = {
			isa = XCBuildConfiguration;
			buildSettings = {
				ALWAYS_SEARCH_USER_PATHS = NO;
				CLANG_ANALYZER_NONNULL = YES;
				CLANG_ANALYZER_NUMBER_OBJECT_CONVERSION = YES_AGGRESSIVE;
				CLANG_CXX_LANGUAGE_STANDARD = "gnu++14";
				CLANG_CXX_LIBRARY = "libc++";
				CLANG_ENABLE_MODULES = YES;
				CLANG_ENABLE_OBJC_ARC = YES;
				CLANG_WARN_BLOCK_CAPTURE_AUTORELEASING = YES;
				CLANG_WARN_BOOL_CONVERSION = YES;
				CLANG_WARN_COMMA = YES;
				CLANG_WARN_CONSTANT_CONVERSION = YES;
				CLANG_WARN_DIRECT_OBJC_ISA_USAGE = YES_ERROR;
				CLANG_WARN_DOCUMENTATION_COMMENTS = YES;
				CLANG_WARN_EMPTY_BODY = YES;
				CLANG_WARN_ENUM_CONVERSION = YES;
				CLANG_WARN_INFINITE_RECURSION = YES;
				CLANG_WARN_INT_CONVERSION = YES;
				CLANG_WARN_NON_LITERAL_NULL_CONVERSION = YES;
				CLANG_WARN_OBJC_LITERAL_CONVERSION = YES;
				CLANG_WARN_OBJC_ROOT_CLASS = YES_ERROR;
				CLANG_WARN_RANGE_LOOP_ANALYSIS = YES;
				CLANG_WARN_STRICT_PROTOTYPES = YES;
				CLANG_WARN_SUSPICIOUS_MOVE = YES;
				CLANG_WARN_UNGUARDED_AVAILABILITY = YES_AGGRESSIVE;
				CLANG_WARN_UNREACHABLE_CODE = YES;
				CLANG_WARN__DUPLICATE_METHOD_MATCH = YES;
				CODE_SIGN_IDENTITY = "iPhone Developer";
				COPY_PHASE_STRIP = NO;
				DEBUG_INFORMATION_FORMAT = "dwarf-with-dsym";
				ENABLE_NS_ASSERTIONS = NO;
				ENABLE_STRICT_OBJC_MSGSEND = YES;
				GCC_C_LANGUAGE_STANDARD = gnu11;
				GCC_NO_COMMON_BLOCKS = YES;
				GCC_WARN_64_TO_32_BIT_CONVERSION = YES;
				GCC_WARN_ABOUT_RETURN_TYPE = YES_ERROR;
				GCC_WARN_UNDECLARED_SELECTOR = YES;
				GCC_WARN_UNINITIALIZED_AUTOS = YES_AGGRESSIVE;
				GCC_WARN_UNUSED_FUNCTION = YES;
				GCC_WARN_UNUSED_VARIABLE = YES;
				IPHONEOS_DEPLOYMENT_TARGET = 11.2;
				MTL_ENABLE_DEBUG_INFO = NO;
				SDKROOT = iphoneos;
				SWIFT_OPTIMIZATION_LEVEL = "-Owholemodule";
				VALIDATE_PRODUCT = YES;
			};
			name = Release;
		};
		D34B64722022712C00E2C115 /* Debug */ = {
			isa = XCBuildConfiguration;
			baseConfigurationReference = EC59831A3686C051C9DDC380 /* Pods-iAlwaysForgot.debug.xcconfig */;
			buildSettings = {
				ASSETCATALOG_COMPILER_APPICON_NAME = AppIcon;
				CODE_SIGN_STYLE = Automatic;
				DEVELOPMENT_TEAM = VP3J745N58;
				INFOPLIST_FILE = iAlwaysForgot/Info.plist;
				LD_RUNPATH_SEARCH_PATHS = "$(inherited) @executable_path/Frameworks";
				PRODUCT_BUNDLE_IDENTIFIER = mattChojnacki.iAlwaysForgot;
				PRODUCT_NAME = "$(TARGET_NAME)";
				SWIFT_VERSION = 4.0;
				TARGETED_DEVICE_FAMILY = "1,2";
			};
			name = Debug;
		};
		D34B64732022712C00E2C115 /* Release */ = {
			isa = XCBuildConfiguration;
			baseConfigurationReference = AC51A7A6B7C883DE3F1052FD /* Pods-iAlwaysForgot.release.xcconfig */;
			buildSettings = {
				ASSETCATALOG_COMPILER_APPICON_NAME = AppIcon;
				CODE_SIGN_STYLE = Automatic;
				DEVELOPMENT_TEAM = VP3J745N58;
				INFOPLIST_FILE = iAlwaysForgot/Info.plist;
				LD_RUNPATH_SEARCH_PATHS = "$(inherited) @executable_path/Frameworks";
				PRODUCT_BUNDLE_IDENTIFIER = mattChojnacki.iAlwaysForgot;
				PRODUCT_NAME = "$(TARGET_NAME)";
				SWIFT_VERSION = 4.0;
				TARGETED_DEVICE_FAMILY = "1,2";
			};
			name = Release;
		};
/* End XCBuildConfiguration section */

/* Begin XCConfigurationList section */
		D34B645A2022712C00E2C115 /* Build configuration list for PBXProject "iAlwaysForgot" */ = {
			isa = XCConfigurationList;
			buildConfigurations = (
				D34B646F2022712C00E2C115 /* Debug */,
				D34B64702022712C00E2C115 /* Release */,
			);
			defaultConfigurationIsVisible = 0;
			defaultConfigurationName = Release;
		};
		D34B64712022712C00E2C115 /* Build configuration list for PBXNativeTarget "iAlwaysForgot" */ = {
			isa = XCConfigurationList;
			buildConfigurations = (
				D34B64722022712C00E2C115 /* Debug */,
				D34B64732022712C00E2C115 /* Release */,
			);
			defaultConfigurationIsVisible = 0;
			defaultConfigurationName = Release;
		};
/* End XCConfigurationList section */
	};
	rootObject = D34B64572022712C00E2C115 /* Project object */;
}
